
Microsoft Visual Studio Solution File, Format Version 12.00
# Visual Studio Version 17
VisualStudioVersion = 17.6.33815.320
MinimumVisualStudioVersion = 10.0.40219.1
Project("{FAE04EC0-301F-11D3-BF4B-00C04F79EFBC}") = "JokesWebApp", "JokesWebApp.csproj", "{C7F194DA-DFA8-4B78-8E69-BC32BEB4E56C}"
EndProject
Global
	GlobalSection(SolutionConfigurationPlatforms) = preSolution
		Debug|Any CPU = Debug|Any CPU
		Release|Any CPU = Release|Any CPU
	EndGlobalSection
	GlobalSection(ProjectConfigurationPlatforms) = postSolution
		{C7F194DA-DFA8-4B78-8E69-BC32BEB4E56C}.Debug|Any CPU.ActiveCfg = Debug|Any CPU
		{C7F194DA-DFA8-4B78-8E69-BC32BEB4E56C}.Debug|Any CPU.Build.0 = Debug|Any CPU
		{C7F194DA-DFA8-4B78-8E69-BC32BEB4E56C}.Release|Any CPU.ActiveCfg = Release|Any CPU
		{C7F194DA-DFA8-4B78-8E69-BC32BEB4E56C}.Release|Any CPU.Build.0 = Release|Any CPU
	EndGlobalSection
	GlobalSection(SolutionProperties) = preSolution
		HideSolutionNode = FALSE
	EndGlobalSection
	GlobalSection(ExtensibilityGlobals) = postSolution
		SolutionGuid = {0AE8A2E2-256C-4F6A-A442-C59D9C43E547}
	EndGlobalSection
EndGlobal
